
Microsoft Visual Studio Solution File, Format Version 12.00
# Visual Studio Version 17
VisualStudioVersion = 17.0.31612.314
MinimumVisualStudioVersion = 10.0.40219.1
Project("{8BC9CEB8-8B4A-11D0-8D11-00A0C91BC942}") = "5.1.1", "5.1.1\5.1.1.vcxproj", "{170B85DB-786F-4DC9-9735-42395638FFDD}"
EndProject
Project("{8BC9CEB8-8B4A-11D0-8D11-00A0C91BC942}") = "UnitTest1", "UnitTest1\UnitTest1.vcxproj", "{863DB41D-9C1F-47C4-925B-F04C4475E42F}"
EndProject
Global
	GlobalSection(SolutionConfigurationPlatforms) = preSolution
		Debug|x64 = Debug|x64
		Debug|x86 = Debug|x86
		Release|x64 = Release|x64
		Release|x86 = Release|x86
	EndGlobalSection
	GlobalSection(ProjectConfigurationPlatforms) = postSolution
		{170B85DB-786F-4DC9-9735-42395638FFDD}.Debug|x64.ActiveCfg = Debug|x64
		{170B85DB-786F-4DC9-9735-42395638FFDD}.Debug|x64.Build.0 = Debug|x64
		{170B85DB-786F-4DC9-9735-42395638FFDD}.Debug|x86.ActiveCfg = Debug|Win32
		{170B85DB-786F-4DC9-9735-42395638FFDD}.Debug|x86.Build.0 = Debug|Win32
		{170B85DB-786F-4DC9-9735-42395638FFDD}.Release|x64.ActiveCfg = Release|x64
		{170B85DB-786F-4DC9-9735-42395638FFDD}.Release|x64.Build.0 = Release|x64
		{170B85DB-786F-4DC9-9735-42395638FFDD}.Release|x86.ActiveCfg = Release|Win32
		{170B85DB-786F-4DC9-9735-42395638FFDD}.Release|x86.Build.0 = Release|Win32
		{863DB41D-9C1F-47C4-925B-F04C4475E42F}.Debug|x64.ActiveCfg = Debug|x64
		{863DB41D-9C1F-47C4-925B-F04C4475E42F}.Debug|x64.Build.0 = Debug|x64
		{863DB41D-9C1F-47C4-925B-F04C4475E42F}.Debug|x86.ActiveCfg = Debug|Win32
		{863DB41D-9C1F-47C4-925B-F04C4475E42F}.Debug|x86.Build.0 = Debug|Win32
		{863DB41D-9C1F-47C4-925B-F04C4475E42F}.Release|x64.ActiveCfg = Release|x64
		{863DB41D-9C1F-47C4-925B-F04C4475E42F}.Release|x64.Build.0 = Release|x64
		{863DB41D-9C1F-47C4-925B-F04C4475E42F}.Release|x86.ActiveCfg = Release|Win32
		{863DB41D-9C1F-47C4-925B-F04C4475E42F}.Release|x86.Build.0 = Release|Win32
	EndGlobalSection
	GlobalSection(SolutionProperties) = preSolution
		HideSolutionNode = FALSE
	EndGlobalSection
	GlobalSection(ExtensibilityGlobals) = postSolution
		SolutionGuid = {2C21B5B8-C6DC-453C-80A8-765DBF182E39}
	EndGlobalSection
EndGlobal
